
Microsoft Visual Studio Solution File, Format Version 12.00
# Visual Studio Version 17
VisualStudioVersion = 17.2.32616.157
MinimumVisualStudioVersion = 10.0.40219.1
Project("{9A19103F-16F7-4668-BE54-9A1E7A4F7556}") = "VxTel.Domain", "VxTel.Domain\VxTel.Domain.csproj", "{E1DF3115-619C-40CD-B862-C40E1D24895E}"
EndProject
Project("{9A19103F-16F7-4668-BE54-9A1E7A4F7556}") = "VxTel.Infrastructure", "VxTel.Infrastructure\VxTel.Infrastructure.csproj", "{F6C57579-E65F-442A-A925-A3407CB497C7}"
EndProject
Project("{9A19103F-16F7-4668-BE54-9A1E7A4F7556}") = "Vxtel.IoC", "VxTel.IoC\Vxtel.IoC.csproj", "{F3F45C6A-9B67-4386-8D26-2D6785E0B52B}"
EndProject
Project("{9A19103F-16F7-4668-BE54-9A1E7A4F7556}") = "VxTel.Application", "VxTel.Application\VxTel.Application.csproj", "{5F72BEB7-422F-41ED-AEF1-3F0BBFBC4BEE}"
EndProject
Project("{9A19103F-16F7-4668-BE54-9A1E7A4F7556}") = "VxTel.WebApi", "VxTel.WebApi\VxTel.WebApi.csproj", "{FA9E2900-CDC7-4F9B-A491-2977BED63D2A}"
EndProject
Project("{9A19103F-16F7-4668-BE54-9A1E7A4F7556}") = "VxTel.Test", "VxTel.Test\VxTel.Test.csproj", "{BB5C8575-E59B-4C59-B79A-FF21CE87B213}"
EndProject
Project("{9A19103F-16F7-4668-BE54-9A1E7A4F7556}") = "Clinica.WebApp", "Clinica.WebApp\Clinica.WebApp.csproj", "{03619C2B-7B27-4ED1-ACA7-429B1C738472}"
EndProject
Project("{FAE04EC0-301F-11D3-BF4B-00C04F79EFBC}") = "VxTel.WebSite", "VxTel.WebSite\VxTel.WebSite.csproj", "{BD75E7EE-D080-460D-99B3-51ACD51D09CB}"
EndProject
Global
	GlobalSection(SolutionConfigurationPlatforms) = preSolution
		Debug|Any CPU = Debug|Any CPU
		Release|Any CPU = Release|Any CPU
	EndGlobalSection
	GlobalSection(ProjectConfigurationPlatforms) = postSolution
		{E1DF3115-619C-40CD-B862-C40E1D24895E}.Debug|Any CPU.ActiveCfg = Debug|Any CPU
		{E1DF3115-619C-40CD-B862-C40E1D24895E}.Debug|Any CPU.Build.0 = Debug|Any CPU
		{E1DF3115-619C-40CD-B862-C40E1D24895E}.Release|Any CPU.ActiveCfg = Release|Any CPU
		{E1DF3115-619C-40CD-B862-C40E1D24895E}.Release|Any CPU.Build.0 = Release|Any CPU
		{F6C57579-E65F-442A-A925-A3407CB497C7}.Debug|Any CPU.ActiveCfg = Debug|Any CPU
		{F6C57579-E65F-442A-A925-A3407CB497C7}.Debug|Any CPU.Build.0 = Debug|Any CPU
		{F6C57579-E65F-442A-A925-A3407CB497C7}.Release|Any CPU.ActiveCfg = Release|Any CPU
		{F6C57579-E65F-442A-A925-A3407CB497C7}.Release|Any CPU.Build.0 = Release|Any CPU
		{F3F45C6A-9B67-4386-8D26-2D6785E0B52B}.Debug|Any CPU.ActiveCfg = Debug|Any CPU
		{F3F45C6A-9B67-4386-8D26-2D6785E0B52B}.Debug|Any CPU.Build.0 = Debug|Any CPU
		{F3F45C6A-9B67-4386-8D26-2D6785E0B52B}.Release|Any CPU.ActiveCfg = Release|Any CPU
		{F3F45C6A-9B67-4386-8D26-2D6785E0B52B}.Release|Any CPU.Build.0 = Release|Any CPU
		{5F72BEB7-422F-41ED-AEF1-3F0BBFBC4BEE}.Debug|Any CPU.ActiveCfg = Debug|Any CPU
		{5F72BEB7-422F-41ED-AEF1-3F0BBFBC4BEE}.Debug|Any CPU.Build.0 = Debug|Any CPU
		{5F72BEB7-422F-41ED-AEF1-3F0BBFBC4BEE}.Release|Any CPU.ActiveCfg = Release|Any CPU
		{5F72BEB7-422F-41ED-AEF1-3F0BBFBC4BEE}.Release|Any CPU.Build.0 = Release|Any CPU
		{FA9E2900-CDC7-4F9B-A491-2977BED63D2A}.Debug|Any CPU.ActiveCfg = Debug|Any CPU
		{FA9E2900-CDC7-4F9B-A491-2977BED63D2A}.Debug|Any CPU.Build.0 = Debug|Any CPU
		{FA9E2900-CDC7-4F9B-A491-2977BED63D2A}.Release|Any CPU.ActiveCfg = Release|Any CPU
		{FA9E2900-CDC7-4F9B-A491-2977BED63D2A}.Release|Any CPU.Build.0 = Release|Any CPU
		{BB5C8575-E59B-4C59-B79A-FF21CE87B213}.Debug|Any CPU.ActiveCfg = Debug|Any CPU
		{BB5C8575-E59B-4C59-B79A-FF21CE87B213}.Debug|Any CPU.Build.0 = Debug|Any CPU
		{BB5C8575-E59B-4C59-B79A-FF21CE87B213}.Release|Any CPU.ActiveCfg = Release|Any CPU
		{BB5C8575-E59B-4C59-B79A-FF21CE87B213}.Release|Any CPU.Build.0 = Release|Any CPU
		{03619C2B-7B27-4ED1-ACA7-429B1C738472}.Debug|Any CPU.ActiveCfg = Debug|Any CPU
		{03619C2B-7B27-4ED1-ACA7-429B1C738472}.Debug|Any CPU.Build.0 = Debug|Any CPU
		{03619C2B-7B27-4ED1-ACA7-429B1C738472}.Release|Any CPU.ActiveCfg = Release|Any CPU
		{03619C2B-7B27-4ED1-ACA7-429B1C738472}.Release|Any CPU.Build.0 = Release|Any CPU
		{BD75E7EE-D080-460D-99B3-51ACD51D09CB}.Debug|Any CPU.ActiveCfg = Debug|Any CPU
		{BD75E7EE-D080-460D-99B3-51ACD51D09CB}.Debug|Any CPU.Build.0 = Debug|Any CPU
		{BD75E7EE-D080-460D-99B3-51ACD51D09CB}.Release|Any CPU.ActiveCfg = Release|Any CPU
		{BD75E7EE-D080-460D-99B3-51ACD51D09CB}.Release|Any CPU.Build.0 = Release|Any CPU
	EndGlobalSection
	GlobalSection(SolutionProperties) = preSolution
		HideSolutionNode = FALSE
	EndGlobalSection
	GlobalSection(ExtensibilityGlobals) = postSolution
		SolutionGuid = {6DB72C8E-5E48-4B92-8EDC-7AE0CC575F3E}
	EndGlobalSection
EndGlobal
