
Microsoft Visual Studio Solution File, Format Version 12.00
# Visual Studio Version 17
VisualStudioVersion = 17.2.32616.157
MinimumVisualStudioVersion = 10.0.40219.1
Project("{2150E333-8FDC-42A3-9474-1A3956D46DE8}") = "VxTel.Api", "VxTel.Api", "{D33548B9-13FA-468A-8A6B-DFCE76CD2EE7}"
EndProject
Project("{9A19103F-16F7-4668-BE54-9A1E7A4F7556}") = "Api", "VxTel.Api\Api\Api.csproj", "{B3952DC2-F23D-4413-A067-DB32450B506F}"
EndProject
Project("{9A19103F-16F7-4668-BE54-9A1E7A4F7556}") = "Api.Application", "VxTel.Api\Api.Application\Api.Application.csproj", "{5F72BEB7-422F-41ED-AEF1-3F0BBFBC4BEE}"
EndProject
Project("{9A19103F-16F7-4668-BE54-9A1E7A4F7556}") = "Api.Domain", "VxTel.Api\Api.Domain\Api.Domain.csproj", "{E1DF3115-619C-40CD-B862-C40E1D24895E}"
EndProject
Project("{9A19103F-16F7-4668-BE54-9A1E7A4F7556}") = "Api.Infrastructure", "VxTel.Api\Api.Infrastructure\Api.Infrastructure.csproj", "{F6C57579-E65F-442A-A925-A3407CB497C7}"
EndProject
Project("{9A19103F-16F7-4668-BE54-9A1E7A4F7556}") = "Api.IoC", "VxTel.Api\Api.IoC\Api.IoC.csproj", "{F3F45C6A-9B67-4386-8D26-2D6785E0B52B}"
EndProject
Project("{9A19103F-16F7-4668-BE54-9A1E7A4F7556}") = "Api.Test", "VxTel.Api\Api.Test\Api.Test.csproj", "{BB5C8575-E59B-4C59-B79A-FF21CE87B213}"
EndProject
Project("{2150E333-8FDC-42A3-9474-1A3956D46DE8}") = "VxTel.Site", "VxTel.Site", "{2C08F3CB-68CC-48B2-BC44-2E56D4100777}"
EndProject
Project("{9A19103F-16F7-4668-BE54-9A1E7A4F7556}") = "Site", "VxTel.Site\Site\Site.csproj", "{7CBC578F-66E6-408A-87CE-B0F246F5AE23}"
EndProject
Project("{9A19103F-16F7-4668-BE54-9A1E7A4F7556}") = "Site.Domain", "VxTel.Site\Site.Domain\Site.Domain.csproj", "{848F99EF-BCC9-403F-9336-E5B37BFF11B1}"
EndProject
Project("{9A19103F-16F7-4668-BE54-9A1E7A4F7556}") = "Site.IoC", "VxTel.Site\Site.IoC\Site.IoC.csproj", "{2C9F5EBF-4A0C-48E1-82D7-88BD0503A478}"
EndProject
Global
	GlobalSection(SolutionConfigurationPlatforms) = preSolution
		Debug|Any CPU = Debug|Any CPU
		Release|Any CPU = Release|Any CPU
	EndGlobalSection
	GlobalSection(ProjectConfigurationPlatforms) = postSolution
		{B3952DC2-F23D-4413-A067-DB32450B506F}.Debug|Any CPU.ActiveCfg = Debug|Any CPU
		{B3952DC2-F23D-4413-A067-DB32450B506F}.Debug|Any CPU.Build.0 = Debug|Any CPU
		{B3952DC2-F23D-4413-A067-DB32450B506F}.Release|Any CPU.ActiveCfg = Release|Any CPU
		{B3952DC2-F23D-4413-A067-DB32450B506F}.Release|Any CPU.Build.0 = Release|Any CPU
		{5F72BEB7-422F-41ED-AEF1-3F0BBFBC4BEE}.Debug|Any CPU.ActiveCfg = Debug|Any CPU
		{5F72BEB7-422F-41ED-AEF1-3F0BBFBC4BEE}.Debug|Any CPU.Build.0 = Debug|Any CPU
		{5F72BEB7-422F-41ED-AEF1-3F0BBFBC4BEE}.Release|Any CPU.ActiveCfg = Release|Any CPU
		{5F72BEB7-422F-41ED-AEF1-3F0BBFBC4BEE}.Release|Any CPU.Build.0 = Release|Any CPU
		{E1DF3115-619C-40CD-B862-C40E1D24895E}.Debug|Any CPU.ActiveCfg = Debug|Any CPU
		{E1DF3115-619C-40CD-B862-C40E1D24895E}.Debug|Any CPU.Build.0 = Debug|Any CPU
		{E1DF3115-619C-40CD-B862-C40E1D24895E}.Release|Any CPU.ActiveCfg = Release|Any CPU
		{E1DF3115-619C-40CD-B862-C40E1D24895E}.Release|Any CPU.Build.0 = Release|Any CPU
		{F6C57579-E65F-442A-A925-A3407CB497C7}.Debug|Any CPU.ActiveCfg = Debug|Any CPU
		{F6C57579-E65F-442A-A925-A3407CB497C7}.Debug|Any CPU.Build.0 = Debug|Any CPU
		{F6C57579-E65F-442A-A925-A3407CB497C7}.Release|Any CPU.ActiveCfg = Release|Any CPU
		{F6C57579-E65F-442A-A925-A3407CB497C7}.Release|Any CPU.Build.0 = Release|Any CPU
		{F3F45C6A-9B67-4386-8D26-2D6785E0B52B}.Debug|Any CPU.ActiveCfg = Debug|Any CPU
		{F3F45C6A-9B67-4386-8D26-2D6785E0B52B}.Debug|Any CPU.Build.0 = Debug|Any CPU
		{F3F45C6A-9B67-4386-8D26-2D6785E0B52B}.Release|Any CPU.ActiveCfg = Release|Any CPU
		{F3F45C6A-9B67-4386-8D26-2D6785E0B52B}.Release|Any CPU.Build.0 = Release|Any CPU
		{BB5C8575-E59B-4C59-B79A-FF21CE87B213}.Debug|Any CPU.ActiveCfg = Debug|Any CPU
		{BB5C8575-E59B-4C59-B79A-FF21CE87B213}.Debug|Any CPU.Build.0 = Debug|Any CPU
		{BB5C8575-E59B-4C59-B79A-FF21CE87B213}.Release|Any CPU.ActiveCfg = Release|Any CPU
		{BB5C8575-E59B-4C59-B79A-FF21CE87B213}.Release|Any CPU.Build.0 = Release|Any CPU
		{7CBC578F-66E6-408A-87CE-B0F246F5AE23}.Debug|Any CPU.ActiveCfg = Debug|Any CPU
		{7CBC578F-66E6-408A-87CE-B0F246F5AE23}.Debug|Any CPU.Build.0 = Debug|Any CPU
		{7CBC578F-66E6-408A-87CE-B0F246F5AE23}.Release|Any CPU.ActiveCfg = Release|Any CPU
		{7CBC578F-66E6-408A-87CE-B0F246F5AE23}.Release|Any CPU.Build.0 = Release|Any CPU
		{848F99EF-BCC9-403F-9336-E5B37BFF11B1}.Debug|Any CPU.ActiveCfg = Debug|Any CPU
		{848F99EF-BCC9-403F-9336-E5B37BFF11B1}.Debug|Any CPU.Build.0 = Debug|Any CPU
		{848F99EF-BCC9-403F-9336-E5B37BFF11B1}.Release|Any CPU.ActiveCfg = Release|Any CPU
		{848F99EF-BCC9-403F-9336-E5B37BFF11B1}.Release|Any CPU.Build.0 = Release|Any CPU
		{2C9F5EBF-4A0C-48E1-82D7-88BD0503A478}.Debug|Any CPU.ActiveCfg = Debug|Any CPU
		{2C9F5EBF-4A0C-48E1-82D7-88BD0503A478}.Debug|Any CPU.Build.0 = Debug|Any CPU
		{2C9F5EBF-4A0C-48E1-82D7-88BD0503A478}.Release|Any CPU.ActiveCfg = Release|Any CPU
		{2C9F5EBF-4A0C-48E1-82D7-88BD0503A478}.Release|Any CPU.Build.0 = Release|Any CPU
	EndGlobalSection
	GlobalSection(SolutionProperties) = preSolution
		HideSolutionNode = FALSE
	EndGlobalSection
	GlobalSection(NestedProjects) = preSolution
		{B3952DC2-F23D-4413-A067-DB32450B506F} = {D33548B9-13FA-468A-8A6B-DFCE76CD2EE7}
		{5F72BEB7-422F-41ED-AEF1-3F0BBFBC4BEE} = {D33548B9-13FA-468A-8A6B-DFCE76CD2EE7}
		{E1DF3115-619C-40CD-B862-C40E1D24895E} = {D33548B9-13FA-468A-8A6B-DFCE76CD2EE7}
		{F6C57579-E65F-442A-A925-A3407CB497C7} = {D33548B9-13FA-468A-8A6B-DFCE76CD2EE7}
		{F3F45C6A-9B67-4386-8D26-2D6785E0B52B} = {D33548B9-13FA-468A-8A6B-DFCE76CD2EE7}
		{BB5C8575-E59B-4C59-B79A-FF21CE87B213} = {D33548B9-13FA-468A-8A6B-DFCE76CD2EE7}
		{7CBC578F-66E6-408A-87CE-B0F246F5AE23} = {2C08F3CB-68CC-48B2-BC44-2E56D4100777}
		{848F99EF-BCC9-403F-9336-E5B37BFF11B1} = {2C08F3CB-68CC-48B2-BC44-2E56D4100777}
		{2C9F5EBF-4A0C-48E1-82D7-88BD0503A478} = {2C08F3CB-68CC-48B2-BC44-2E56D4100777}
	EndGlobalSection
	GlobalSection(ExtensibilityGlobals) = postSolution
		SolutionGuid = {D3A80D18-3B70-4058-B94F-C5AE845980DC}
	EndGlobalSection
EndGlobal
